{
  "name": "gra o autobusach",
  "lockfileVersion": 3,
  "requires": true,
  "packages": {
    "": {
      "dependencies": {
        "banana-i18n": "^2.4.0"
      }
    },
    "node_modules/banana-i18n": {
      "version": "2.4.0",
      "resolved": "https://registry.npmjs.org/banana-i18n/-/banana-i18n-2.4.0.tgz",
      "integrity": "sha512-yAjw3i5kTfQVz2Y6EHhbjFIH4dRoxNjaq0Ua10eeIZwHg9zkrRQfFVwqIz2H99bUCjfKf7eqMcvwfOQ2Lpk3kA==",
      "engines": {
        "node": ">=18"
      }
    }
  }
}
